// !$*UTF8*$!
{
	archiveVersion = 1;
	classes = {
	};
	objectVersion = 46;
	objects = {

/* Begin PBXBuildFile section */
		06EFB048B9D4ABC623D18B7E /* libPods-Rotten Tomatoes.a in Frameworks */ = {isa = PBXBuildFile; fileRef = E2917A08FFFE6ED11B9FE64B /* libPods-Rotten Tomatoes.a */; };
		483429041B91B04B00C20D2B /* MovieCell.swift in Sources */ = {isa = PBXBuildFile; fileRef = 483429031B91B04B00C20D2B /* MovieCell.swift */; };
		48995BB31B947DD20098A295 /* NetworkCheck.swift in Sources */ = {isa = PBXBuildFile; fileRef = 48995BB21B947DD20098A295 /* NetworkCheck.swift */; };
		489C6E4F1B8E05C3000871B6 /* AppDelegate.swift in Sources */ = {isa = PBXBuildFile; fileRef = 489C6E4E1B8E05C3000871B6 /* AppDelegate.swift */; };
		489C6E541B8E05C3000871B6 /* Main.storyboard in Resources */ = {isa = PBXBuildFile; fileRef = 489C6E521B8E05C3000871B6 /* Main.storyboard */; };
		489C6E561B8E05C3000871B6 /* Images.xcassets in Resources */ = {isa = PBXBuildFile; fileRef = 489C6E551B8E05C3000871B6 /* Images.xcassets */; };
		489C6E591B8E05C3000871B6 /* LaunchScreen.xib in Resources */ = {isa = PBXBuildFile; fileRef = 489C6E571B8E05C3000871B6 /* LaunchScreen.xib */; };
		489C6E651B8E05C3000871B6 /* Rotten_TomatoesTests.swift in Sources */ = {isa = PBXBuildFile; fileRef = 489C6E641B8E05C3000871B6 /* Rotten_TomatoesTests.swift */; };
		489C6E701B8E0646000871B6 /* MoviesViewController.swift in Sources */ = {isa = PBXBuildFile; fileRef = 489C6E6F1B8E0646000871B6 /* MoviesViewController.swift */; };
		48A3DE241B955E39008B068F /* SwiftLoader.swift in Sources */ = {isa = PBXBuildFile; fileRef = 48A3DE231B955E39008B068F /* SwiftLoader.swift */; };
		48B528071B92F0690009CE79 /* MovieDetailsViewController.swift in Sources */ = {isa = PBXBuildFile; fileRef = 48B528061B92F0690009CE79 /* MovieDetailsViewController.swift */; };
/* End PBXBuildFile section */

/* Begin PBXContainerItemProxy section */
		489C6E5F1B8E05C3000871B6 /* PBXContainerItemProxy */ = {
			isa = PBXContainerItemProxy;
			containerPortal = 489C6E411B8E05C2000871B6 /* Project object */;
			proxyType = 1;
			remoteGlobalIDString = 489C6E481B8E05C2000871B6;
			remoteInfo = "Rotten Tomatoes";
		};
/* End PBXContainerItemProxy section */

/* Begin PBXFileReference section */
		1D86402D4FACD82214ABBC55 /* Pods-Rotten Tomatoes.debug.xcconfig */ = {isa = PBXFileReference; includeInIndex = 1; lastKnownFileType = text.xcconfig; name = "Pods-Rotten Tomatoes.debug.xcconfig"; path = "Pods/Target Support Files/Pods-Rotten Tomatoes/Pods-Rotten Tomatoes.debug.xcconfig"; sourceTree = "<group>"; };
		483429031B91B04B00C20D2B /* MovieCell.swift */ = {isa = PBXFileReference; fileEncoding = 4; lastKnownFileType = sourcecode.swift; path = MovieCell.swift; sourceTree = "<group>"; };
		484623681B920EDA00DFE2DF /* Rotten Tomatoes-Bridging-Header.h */ = {isa = PBXFileReference; lastKnownFileType = sourcecode.c.h; path = "Rotten Tomatoes-Bridging-Header.h"; sourceTree = "<group>"; };
		48995BB21B947DD20098A295 /* NetworkCheck.swift */ = {isa = PBXFileReference; fileEncoding = 4; lastKnownFileType = sourcecode.swift; path = NetworkCheck.swift; sourceTree = "<group>"; };
		489C6E491B8E05C2000871B6 /* Rotten Tomatoes.app */ = {isa = PBXFileReference; explicitFileType = wrapper.application; includeInIndex = 0; path = "Rotten Tomatoes.app"; sourceTree = BUILT_PRODUCTS_DIR; };
		489C6E4D1B8E05C3000871B6 /* Info.plist */ = {isa = PBXFileReference; lastKnownFileType = text.plist.xml; path = Info.plist; sourceTree = "<group>"; };
		489C6E4E1B8E05C3000871B6 /* AppDelegate.swift */ = {isa = PBXFileReference; lastKnownFileType = sourcecode.swift; path = AppDelegate.swift; sourceTree = "<group>"; };
		489C6E531B8E05C3000871B6 /* Base */ = {isa = PBXFileReference; lastKnownFileType = file.storyboard; name = Base; path = Base.lproj/Main.storyboard; sourceTree = "<group>"; };
		489C6E551B8E05C3000871B6 /* Images.xcassets */ = {isa = PBXFileReference; lastKnownFileType = folder.assetcatalog; path = Images.xcassets; sourceTree = "<group>"; };
		489C6E581B8E05C3000871B6 /* Base */ = {isa = PBXFileReference; lastKnownFileType = file.xib; name = Base; path = Base.lproj/LaunchScreen.xib; sourceTree = "<group>"; };
		489C6E5E1B8E05C3000871B6 /* Rotten TomatoesTests.xctest */ = {isa = PBXFileReference; explicitFileType = wrapper.cfbundle; includeInIndex = 0; path = "Rotten TomatoesTests.xctest"; sourceTree = BUILT_PRODUCTS_DIR; };
		489C6E631B8E05C3000871B6 /* Info.plist */ = {isa = PBXFileReference; lastKnownFileType = text.plist.xml; path = Info.plist; sourceTree = "<group>"; };
		489C6E641B8E05C3000871B6 /* Rotten_TomatoesTests.swift */ = {isa = PBXFileReference; lastKnownFileType = sourcecode.swift; path = Rotten_TomatoesTests.swift; sourceTree = "<group>"; };
		489C6E6F1B8E0646000871B6 /* MoviesViewController.swift */ = {isa = PBXFileReference; fileEncoding = 4; lastKnownFileType = sourcecode.swift; path = MoviesViewController.swift; sourceTree = "<group>"; };
		48A3DE231B955E39008B068F /* SwiftLoader.swift */ = {isa = PBXFileReference; fileEncoding = 4; lastKnownFileType = sourcecode.swift; path = SwiftLoader.swift; sourceTree = "<group>"; };
		48B528061B92F0690009CE79 /* MovieDetailsViewController.swift */ = {isa = PBXFileReference; fileEncoding = 4; lastKnownFileType = sourcecode.swift; path = MovieDetailsViewController.swift; sourceTree = "<group>"; };
		8C3B54A5E3887E74B9E9082A /* Pods-Rotten Tomatoes.release.xcconfig */ = {isa = PBXFileReference; includeInIndex = 1; lastKnownFileType = text.xcconfig; name = "Pods-Rotten Tomatoes.release.xcconfig"; path = "Pods/Target Support Files/Pods-Rotten Tomatoes/Pods-Rotten Tomatoes.release.xcconfig"; sourceTree = "<group>"; };
		E2917A08FFFE6ED11B9FE64B /* libPods-Rotten Tomatoes.a */ = {isa = PBXFileReference; explicitFileType = archive.ar; includeInIndex = 0; path = "libPods-Rotten Tomatoes.a"; sourceTree = BUILT_PRODUCTS_DIR; };
/* End PBXFileReference section */

/* Begin PBXFrameworksBuildPhase section */
		489C6E461B8E05C2000871B6 /* Frameworks */ = {
			isa = PBXFrameworksBuildPhase;
			buildActionMask = 2147483647;
			files = (
				06EFB048B9D4ABC623D18B7E /* libPods-Rotten Tomatoes.a in Frameworks */,
			);
			runOnlyForDeploymentPostprocessing = 0;
		};
		489C6E5B1B8E05C3000871B6 /* Frameworks */ = {
			isa = PBXFrameworksBuildPhase;
			buildActionMask = 2147483647;
			files = (
			);
			runOnlyForDeploymentPostprocessing = 0;
		};
/* End PBXFrameworksBuildPhase section */

/* Begin PBXGroup section */
		483429021B91B00700C20D2B /* Views */ = {
			isa = PBXGroup;
			children = (
				483429031B91B04B00C20D2B /* MovieCell.swift */,
			);
			name = Views;
			sourceTree = "<group>";
		};
		489C6E401B8E05C2000871B6 = {
			isa = PBXGroup;
			children = (
				489C6E4B1B8E05C2000871B6 /* Rotten Tomatoes */,
				489C6E611B8E05C3000871B6 /* Rotten TomatoesTests */,
				489C6E4A1B8E05C2000871B6 /* Products */,
				EC2F9C8BC28B7D6316E3C563 /* Pods */,
				65874899C23516B6B3F857D3 /* Frameworks */,
			);
			sourceTree = "<group>";
		};
		489C6E4A1B8E05C2000871B6 /* Products */ = {
			isa = PBXGroup;
			children = (
				489C6E491B8E05C2000871B6 /* Rotten Tomatoes.app */,
				489C6E5E1B8E05C3000871B6 /* Rotten TomatoesTests.xctest */,
			);
			name = Products;
			sourceTree = "<group>";
		};
		489C6E4B1B8E05C2000871B6 /* Rotten Tomatoes */ = {
			isa = PBXGroup;
			children = (
				48A3DE231B955E39008B068F /* SwiftLoader.swift */,
				483429021B91B00700C20D2B /* Views */,
				489C6E6E1B8E0605000871B6 /* View Controllers */,
				489C6E4E1B8E05C3000871B6 /* AppDelegate.swift */,
				489C6E521B8E05C3000871B6 /* Main.storyboard */,
				48995BB21B947DD20098A295 /* NetworkCheck.swift */,
				489C6E551B8E05C3000871B6 /* Images.xcassets */,
				489C6E571B8E05C3000871B6 /* LaunchScreen.xib */,
				489C6E4C1B8E05C2000871B6 /* Supporting Files */,
				484623681B920EDA00DFE2DF /* Rotten Tomatoes-Bridging-Header.h */,
			);
			path = "Rotten Tomatoes";
			sourceTree = "<group>";
		};
		489C6E4C1B8E05C2000871B6 /* Supporting Files */ = {
			isa = PBXGroup;
			children = (
				489C6E4D1B8E05C3000871B6 /* Info.plist */,
			);
			name = "Supporting Files";
			sourceTree = "<group>";
		};
		489C6E611B8E05C3000871B6 /* Rotten TomatoesTests */ = {
			isa = PBXGroup;
			children = (
				489C6E641B8E05C3000871B6 /* Rotten_TomatoesTests.swift */,
				489C6E621B8E05C3000871B6 /* Supporting Files */,
			);
			path = "Rotten TomatoesTests";
			sourceTree = "<group>";
		};
		489C6E621B8E05C3000871B6 /* Supporting Files */ = {
			isa = PBXGroup;
			children = (
				489C6E631B8E05C3000871B6 /* Info.plist */,
			);
			name = "Supporting Files";
			sourceTree = "<group>";
		};
		489C6E6E1B8E0605000871B6 /* View Controllers */ = {
			isa = PBXGroup;
			children = (
				489C6E6F1B8E0646000871B6 /* MoviesViewController.swift */,
				48B528061B92F0690009CE79 /* MovieDetailsViewController.swift */,
			);
			name = "View Controllers";
			sourceTree = "<group>";
		};
		65874899C23516B6B3F857D3 /* Frameworks */ = {
			isa = PBXGroup;
			children = (
				E2917A08FFFE6ED11B9FE64B /* libPods-Rotten Tomatoes.a */,
			);
			name = Frameworks;
			sourceTree = "<group>";
		};
		EC2F9C8BC28B7D6316E3C563 /* Pods */ = {
			isa = PBXGroup;
			children = (
				1D86402D4FACD82214ABBC55 /* Pods-Rotten Tomatoes.debug.xcconfig */,
				8C3B54A5E3887E74B9E9082A /* Pods-Rotten Tomatoes.release.xcconfig */,
			);
			name = Pods;
			sourceTree = "<group>";
		};
/* End PBXGroup section */

/* Begin PBXNativeTarget section */
		489C6E481B8E05C2000871B6 /* Rotten Tomatoes */ = {
			isa = PBXNativeTarget;
			buildConfigurationList = 489C6E681B8E05C3000871B6 /* Build configuration list for PBXNativeTarget "Rotten Tomatoes" */;
			buildPhases = (
				B852E022C142384F0D013103 /* Check Pods Manifest.lock */,
				489C6E451B8E05C2000871B6 /* Sources */,
				489C6E461B8E05C2000871B6 /* Frameworks */,
				489C6E471B8E05C2000871B6 /* Resources */,
				5B1D9D47F0E93D71DFDDE425 /* Copy Pods Resources */,
			);
			buildRules = (
			);
			dependencies = (
			);
			name = "Rotten Tomatoes";
			productName = "Rotten Tomatoes";
			productReference = 489C6E491B8E05C2000871B6 /* Rotten Tomatoes.app */;
			productType = "com.apple.product-type.application";
		};
		489C6E5D1B8E05C3000871B6 /* Rotten TomatoesTests */ = {
			isa = PBXNativeTarget;
			buildConfigurationList = 489C6E6B1B8E05C3000871B6 /* Build configuration list for PBXNativeTarget "Rotten TomatoesTests" */;
			buildPhases = (
				489C6E5A1B8E05C3000871B6 /* Sources */,
				489C6E5B1B8E05C3000871B6 /* Frameworks */,
				489C6E5C1B8E05C3000871B6 /* Resources */,
			);
			buildRules = (
			);
			dependencies = (
				489C6E601B8E05C3000871B6 /* PBXTargetDependency */,
			);
			name = "Rotten TomatoesTests";
			productName = "Rotten TomatoesTests";
			productReference = 489C6E5E1B8E05C3000871B6 /* Rotten TomatoesTests.xctest */;
			productType = "com.apple.product-type.bundle.unit-test";
		};
/* End PBXNativeTarget section */

/* Begin PBXProject section */
		489C6E411B8E05C2000871B6 /* Project object */ = {
			isa = PBXProject;
			attributes = {
				LastUpgradeCheck = 0640;
				ORGANIZATIONNAME = "Hoang Dang";
				TargetAttributes = {
					489C6E481B8E05C2000871B6 = {
						CreatedOnToolsVersion = 6.4;
					};
					489C6E5D1B8E05C3000871B6 = {
						CreatedOnToolsVersion = 6.4;
						TestTargetID = 489C6E481B8E05C2000871B6;
					};
				};
			};
			buildConfigurationList = 489C6E441B8E05C2000871B6 /* Build configuration list for PBXProject "Rotten Tomatoes" */;
			compatibilityVersion = "Xcode 3.2";
			developmentRegion = English;
			hasScannedForEncodings = 0;
			knownRegions = (
				en,
				Base,
			);
			mainGroup = 489C6E401B8E05C2000871B6;
			productRefGroup = 489C6E4A1B8E05C2000871B6 /* Products */;
			projectDirPath = "";
			projectRoot = "";
			targets = (
				489C6E481B8E05C2000871B6 /* Rotten Tomatoes */,
				489C6E5D1B8E05C3000871B6 /* Rotten TomatoesTests */,
			);
		};
/* End PBXProject section */

/* Begin PBXResourcesBuildPhase section */
		489C6E471B8E05C2000871B6 /* Resources */ = {
			isa = PBXResourcesBuildPhase;
			buildActionMask = 2147483647;
			files = (
				489C6E541B8E05C3000871B6 /* Main.storyboard in Resources */,
				489C6E591B8E05C3000871B6 /* LaunchScreen.xib in Resources */,
				489C6E561B8E05C3000871B6 /* Images.xcassets in Resources */,
			);
			runOnlyForDeploymentPostprocessing = 0;
		};
		489C6E5C1B8E05C3000871B6 /* Resources */ = {
			isa = PBXResourcesBuildPhase;
			buildActionMask = 2147483647;
			files = (
			);
			runOnlyForDeploymentPostprocessing = 0;
		};
/* End PBXResourcesBuildPhase section */

/* Begin PBXShellScriptBuildPhase section */
		5B1D9D47F0E93D71DFDDE425 /* Copy Pods Resources */ = {
			isa = PBXShellScriptBuildPhase;
			buildActionMask = 2147483647;
			files = (
			);
			inputPaths = (
			);
			name = "Copy Pods Resources";
			outputPaths = (
			);
			runOnlyForDeploymentPostprocessing = 0;
			shellPath = /bin/sh;
			shellScript = "\"${SRCROOT}/Pods/Target Support Files/Pods-Rotten Tomatoes/Pods-Rotten Tomatoes-resources.sh\"\n";
			showEnvVarsInLog = 0;
		};
		B852E022C142384F0D013103 /* Check Pods Manifest.lock */ = {
			isa = PBXShellScriptBuildPhase;
			buildActionMask = 2147483647;
			files = (
			);
			inputPaths = (
			);
			name = "Check Pods Manifest.lock";
			outputPaths = (
			);
			runOnlyForDeploymentPostprocessing = 0;
			shellPath = /bin/sh;
			shellScript = "diff \"${PODS_ROOT}/../Podfile.lock\" \"${PODS_ROOT}/Manifest.lock\" > /dev/null\nif [[ $? != 0 ]] ; then\n    cat << EOM\nerror: The sandbox is not in sync with the Podfile.lock. Run 'pod install' or update your CocoaPods installation.\nEOM\n    exit 1\nfi\n";
			showEnvVarsInLog = 0;
		};
/* End PBXShellScriptBuildPhase section */

/* Begin PBXSourcesBuildPhase section */
		489C6E451B8E05C2000871B6 /* Sources */ = {
			isa = PBXSourcesBuildPhase;
			buildActionMask = 2147483647;
			files = (
				48A3DE241B955E39008B068F /* SwiftLoader.swift in Sources */,
				48B528071B92F0690009CE79 /* MovieDetailsViewController.swift in Sources */,
				48995BB31B947DD20098A295 /* NetworkCheck.swift in Sources */,
				489C6E4F1B8E05C3000871B6 /* AppDelegate.swift in Sources */,
				489C6E701B8E0646000871B6 /* MoviesViewController.swift in Sources */,
				483429041B91B04B00C20D2B /* MovieCell.swift in Sources */,
			);
			runOnlyForDeploymentPostprocessing = 0;
		};
		489C6E5A1B8E05C3000871B6 /* Sources */ = {
			isa = PBXSourcesBuildPhase;
			buildActionMask = 2147483647;
			files = (
				489C6E651B8E05C3000871B6 /* Rotten_TomatoesTests.swift in Sources */,
			);
			runOnlyForDeploymentPostprocessing = 0;
		};
/* End PBXSourcesBuildPhase section */

/* Begin PBXTargetDependency section */
		489C6E601B8E05C3000871B6 /* PBXTargetDependency */ = {
			isa = PBXTargetDependency;
			target = 489C6E481B8E05C2000871B6 /* Rotten Tomatoes */;
			targetProxy = 489C6E5F1B8E05C3000871B6 /* PBXContainerItemProxy */;
		};
/* End PBXTargetDependency section */

/* Begin PBXVariantGroup section */
		489C6E521B8E05C3000871B6 /* Main.storyboard */ = {
			isa = PBXVariantGroup;
			children = (
				489C6E531B8E05C3000871B6 /* Base */,
			);
			name = Main.storyboard;
			sourceTree = "<group>";
		};
		489C6E571B8E05C3000871B6 /* LaunchScreen.xib */ = {
			isa = PBXVariantGroup;
			children = (
				489C6E581B8E05C3000871B6 /* Base */,
			);
			name = LaunchScreen.xib;
			sourceTree = "<group>";
		};
/* End PBXVariantGroup section */

/* Begin XCBuildConfiguration section */
		489C6E661B8E05C3000871B6 /* Debug */ = {
			isa = XCBuildConfiguration;
			buildSettings = {
				ALWAYS_SEARCH_USER_PATHS = NO;
				CLANG_CXX_LANGUAGE_STANDARD = "gnu++0x";
				CLANG_CXX_LIBRARY = "libc++";
				CLANG_ENABLE_MODULES = YES;
				CLANG_ENABLE_OBJC_ARC = YES;
				CLANG_WARN_BOOL_CONVERSION = YES;
				CLANG_WARN_CONSTANT_CONVERSION = YES;
				CLANG_WARN_DIRECT_OBJC_ISA_USAGE = YES_ERROR;
				CLANG_WARN_EMPTY_BODY = YES;
				CLANG_WARN_ENUM_CONVERSION = YES;
				CLANG_WARN_INT_CONVERSION = YES;
				CLANG_WARN_OBJC_ROOT_CLASS = YES_ERROR;
				CLANG_WARN_UNREACHABLE_CODE = YES;
				CLANG_WARN__DUPLICATE_METHOD_MATCH = YES;
				"CODE_SIGN_IDENTITY[sdk=iphoneos*]" = "iPhone Developer";
				COPY_PHASE_STRIP = NO;
				DEBUG_INFORMATION_FORMAT = "dwarf-with-dsym";
				ENABLE_STRICT_OBJC_MSGSEND = YES;
				GCC_C_LANGUAGE_STANDARD = gnu99;
				GCC_DYNAMIC_NO_PIC = NO;
				GCC_NO_COMMON_BLOCKS = YES;
				GCC_OPTIMIZATION_LEVEL = 0;
				GCC_PREPROCESSOR_DEFINITIONS = (
					"DEBUG=1",
					"$(inherited)",
				);
				GCC_SYMBOLS_PRIVATE_EXTERN = NO;
				GCC_WARN_64_TO_32_BIT_CONVERSION = YES;
				GCC_WARN_ABOUT_RETURN_TYPE = YES_ERROR;
				GCC_WARN_UNDECLARED_SELECTOR = YES;
				GCC_WARN_UNINITIALIZED_AUTOS = YES_AGGRESSIVE;
				GCC_WARN_UNUSED_FUNCTION = YES;
				GCC_WARN_UNUSED_VARIABLE = YES;
				IPHONEOS_DEPLOYMENT_TARGET = 8.4;
				MTL_ENABLE_DEBUG_INFO = YES;
				ONLY_ACTIVE_ARCH = YES;
				SDKROOT = iphoneos;
				SWIFT_OPTIMIZATION_LEVEL = "-Onone";
			};
			name = Debug;
		};
		489C6E671B8E05C3000871B6 /* Release */ = {
			isa = XCBuildConfiguration;
			buildSettings = {
				ALWAYS_SEARCH_USER_PATHS = NO;
				CLANG_CXX_LANGUAGE_STANDARD = "gnu++0x";
				CLANG_CXX_LIBRARY = "libc++";
				CLANG_ENABLE_MODULES = YES;
				CLANG_ENABLE_OBJC_ARC = YES;
				CLANG_WARN_BOOL_CONVERSION = YES;
				CLANG_WARN_CONSTANT_CONVERSION = YES;
				CLANG_WARN_DIRECT_OBJC_ISA_USAGE = YES_ERROR;
				CLANG_WARN_EMPTY_BODY = YES;
				CLANG_WARN_ENUM_CONVERSION = YES;
				CLANG_WARN_INT_CONVERSION = YES;
				CLANG_WARN_OBJC_ROOT_CLASS = YES_ERROR;
				CLANG_WARN_UNREACHABLE_CODE = YES;
				CLANG_WARN__DUPLICATE_METHOD_MATCH = YES;
				"CODE_SIGN_IDENTITY[sdk=iphoneos*]" = "iPhone Developer";
				COPY_PHASE_STRIP = NO;
				DEBUG_INFORMATION_FORMAT = "dwarf-with-dsym";
				ENABLE_NS_ASSERTIONS = NO;
				ENABLE_STRICT_OBJC_MSGSEND = YES;
				GCC_C_LANGUAGE_STANDARD = gnu99;
				GCC_NO_COMMON_BLOCKS = YES;
				GCC_WARN_64_TO_32_BIT_CONVERSION = YES;
				GCC_WARN_ABOUT_RETURN_TYPE = YES_ERROR;
				GCC_WARN_UNDECLARED_SELECTOR = YES;
				GCC_WARN_UNINITIALIZED_AUTOS = YES_AGGRESSIVE;
				GCC_WARN_UNUSED_FUNCTION = YES;
				GCC_WARN_UNUSED_VARIABLE = YES;
				IPHONEOS_DEPLOYMENT_TARGET = 8.4;
				MTL_ENABLE_DEBUG_INFO = NO;
				SDKROOT = iphoneos;
				VALIDATE_PRODUCT = YES;
			};
			name = Release;
		};
		489C6E691B8E05C3000871B6 /* Debug */ = {
			isa = XCBuildConfiguration;
			baseConfigurationReference = 1D86402D4FACD82214ABBC55 /* Pods-Rotten Tomatoes.debug.xcconfig */;
			buildSettings = {
				ASSETCATALOG_COMPILER_APPICON_NAME = AppIcon;
				CLANG_ENABLE_MODULES = YES;
				INFOPLIST_FILE = "Rotten Tomatoes/Info.plist";
				LD_RUNPATH_SEARCH_PATHS = "$(inherited) @executable_path/Frameworks";
				PRODUCT_NAME = "$(TARGET_NAME)";
				SWIFT_OBJC_BRIDGING_HEADER = "Rotten Tomatoes/Rotten Tomatoes-Bridging-Header.h";
				SWIFT_OPTIMIZATION_LEVEL = "-Onone";
			};
			name = Debug;
		};
		489C6E6A1B8E05C3000871B6 /* Release */ = {
			isa = XCBuildConfiguration;
			baseConfigurationReference = 8C3B54A5E3887E74B9E9082A /* Pods-Rotten Tomatoes.release.xcconfig */;
			buildSettings = {
				ASSETCATALOG_COMPILER_APPICON_NAME = AppIcon;
				CLANG_ENABLE_MODULES = YES;
				INFOPLIST_FILE = "Rotten Tomatoes/Info.plist";
				LD_RUNPATH_SEARCH_PATHS = "$(inherited) @executable_path/Frameworks";
				PRODUCT_NAME = "$(TARGET_NAME)";
				SWIFT_OBJC_BRIDGING_HEADER = "Rotten Tomatoes/Rotten Tomatoes-Bridging-Header.h";
			};
			name = Release;
		};
		489C6E6C1B8E05C3000871B6 /* Debug */ = {
			isa = XCBuildConfiguration;
			buildSettings = {
				BUNDLE_LOADER = "$(TEST_HOST)";
				FRAMEWORK_SEARCH_PATHS = (
					"$(SDKROOT)/Developer/Library/Frameworks",
					"$(inherited)",
				);
				GCC_PREPROCESSOR_DEFINITIONS = (
					"DEBUG=1",
					"$(inherited)",
				);
				INFOPLIST_FILE = "Rotten TomatoesTests/Info.plist";
				LD_RUNPATH_SEARCH_PATHS = "$(inherited) @executable_path/Frameworks @loader_path/Frameworks";
				PRODUCT_NAME = "$(TARGET_NAME)";
				TEST_HOST = "$(BUILT_PRODUCTS_DIR)/Rotten Tomatoes.app/Rotten Tomatoes";
			};
			name = Debug;
		};
		489C6E6D1B8E05C3000871B6 /* Release */ = {
			isa = XCBuildConfiguration;
			buildSettings = {
				BUNDLE_LOADER = "$(TEST_HOST)";
				FRAMEWORK_SEARCH_PATHS = (
					"$(SDKROOT)/Developer/Library/Frameworks",
					"$(inherited)",
				);
				INFOPLIST_FILE = "Rotten TomatoesTests/Info.plist";
				LD_RUNPATH_SEARCH_PATHS = "$(inherited) @executable_path/Frameworks @loader_path/Frameworks";
				PRODUCT_NAME = "$(TARGET_NAME)";
				TEST_HOST = "$(BUILT_PRODUCTS_DIR)/Rotten Tomatoes.app/Rotten Tomatoes";
			};
			name = Release;
		};
/* End XCBuildConfiguration section */

/* Begin XCConfigurationList section */
		489C6E441B8E05C2000871B6 /* Build configuration list for PBXProject "Rotten Tomatoes" */ = {
			isa = XCConfigurationList;
			buildConfigurations = (
				489C6E661B8E05C3000871B6 /* Debug */,
				489C6E671B8E05C3000871B6 /* Release */,
			);
			defaultConfigurationIsVisible = 0;
			defaultConfigurationName = Release;
		};
		489C6E681B8E05C3000871B6 /* Build configuration list for PBXNativeTarget "Rotten Tomatoes" */ = {
			isa = XCConfigurationList;
			buildConfigurations = (
				489C6E691B8E05C3000871B6 /* Debug */,
				489C6E6A1B8E05C3000871B6 /* Release */,
			);
			defaultConfigurationIsVisible = 0;
			defaultConfigurationName = Release;
		};
		489C6E6B1B8E05C3000871B6 /* Build configuration list for PBXNativeTarget "Rotten TomatoesTests" */ = {
			isa = XCConfigurationList;
			buildConfigurations = (
				489C6E6C1B8E05C3000871B6 /* Debug */,
				489C6E6D1B8E05C3000871B6 /* Release */,
			);
			defaultConfigurationIsVisible = 0;
			defaultConfigurationName = Release;
		};
/* End XCConfigurationList section */
	};
	rootObject = 489C6E411B8E05C2000871B6 /* Project object */;
}
